
Microsoft Visual Studio Solution File, Format Version 12.00
# Visual Studio Version 16
VisualStudioVersion = 16.0.29326.143
MinimumVisualStudioVersion = 10.0.40219.1
Project("{FAE04EC0-301F-11D3-BF4B-00C04F79EFBC}") = "monster-tracker-asp", "monster-tracker-asp.csproj", "{791135AD-22C4-4182-8FAD-B99510B89D1C}"
EndProject
Global
	GlobalSection(SolutionConfigurationPlatforms) = preSolution
		Debug|Any CPU = Debug|Any CPU
		Release|Any CPU = Release|Any CPU
	EndGlobalSection
	GlobalSection(ProjectConfigurationPlatforms) = postSolution
		{791135AD-22C4-4182-8FAD-B99510B89D1C}.Debug|Any CPU.ActiveCfg = Debug|Any CPU
		{791135AD-22C4-4182-8FAD-B99510B89D1C}.Debug|Any CPU.Build.0 = Debug|Any CPU
		{791135AD-22C4-4182-8FAD-B99510B89D1C}.Release|Any CPU.ActiveCfg = Release|Any CPU
		{791135AD-22C4-4182-8FAD-B99510B89D1C}.Release|Any CPU.Build.0 = Release|Any CPU
	EndGlobalSection
	GlobalSection(SolutionProperties) = preSolution
		HideSolutionNode = FALSE
	EndGlobalSection
	GlobalSection(ExtensibilityGlobals) = postSolution
		SolutionGuid = {A0FD1381-168B-4589-951E-E0D394A64566}
	EndGlobalSection
EndGlobal
